
Microsoft Visual Studio Solution File, Format Version 12.00
# Visual Studio Version 17
VisualStudioVersion = 17.1.32210.238
MinimumVisualStudioVersion = 10.0.40219.1
Project("{FAE04EC0-301F-11D3-BF4B-00C04F79EFBC}") = "ConsoleMon", "ConsoleMon\ConsoleMon.csproj", "{291A6AAE-64E6-4D4F-B715-57C93DAC85FD}"
EndProject
Global
	GlobalSection(SolutionConfigurationPlatforms) = preSolution
		Debug|Any CPU = Debug|Any CPU
		Release|Any CPU = Release|Any CPU
	EndGlobalSection
	GlobalSection(ProjectConfigurationPlatforms) = postSolution
		{291A6AAE-64E6-4D4F-B715-57C93DAC85FD}.Debug|Any CPU.ActiveCfg = Debug|Any CPU
		{291A6AAE-64E6-4D4F-B715-57C93DAC85FD}.Debug|Any CPU.Build.0 = Debug|Any CPU
		{291A6AAE-64E6-4D4F-B715-57C93DAC85FD}.Release|Any CPU.ActiveCfg = Release|Any CPU
		{291A6AAE-64E6-4D4F-B715-57C93DAC85FD}.Release|Any CPU.Build.0 = Release|Any CPU
	EndGlobalSection
	GlobalSection(SolutionProperties) = preSolution
		HideSolutionNode = FALSE
	EndGlobalSection
	GlobalSection(ExtensibilityGlobals) = postSolution
		SolutionGuid = {26875D33-ECC9-440C-AA06-4FB704FC7610}
	EndGlobalSection
EndGlobal
